<?xml version="1.0" encoding="utf-8"?>
<Project ToolsVersion="4.0" xmlns="http://schemas.microsoft.com/developer/msbuild/2003">
  <ItemGroup>
    <Filter Include="Source Files">
      <UniqueIdentifier>{4FC737F1-C7A5-4376-A066-2A32D752A2FF}</UniqueIdentifier>
      <Extensions>cpp;c;cc;cxx;c++;cppm;ixx;def;odl;idl;hpj;bat;asm;asmx</Extensions>
    </Filter>
    <Filter Include="Header Files">
      <UniqueIdentifier>{93995380-89BD-4b04-88EB-625FBE52EBFB}</UniqueIdentifier>
      <Extensions>h;hh;hpp;hxx;h++;hm;inl;inc;ipp;xsd</Extensions>
    </Filter>
    <Filter Include="Resource Files">
      <UniqueIdentifier>{67DA6AB6-F800-4c08-8B7A-83BB121AAD01}</UniqueIdentifier>
      <Extensions>rc;ico;cur;bmp;dlg;rc2;rct;bin;rgs;gif;jpg;jpeg;jpe;resx;tiff;tif;png;wav;mfcribbon-ms</Extensions>
    </Filter>
    <Filter Include="Header Files\repositories">
      <UniqueIdentifier>{8ab13612-bfa2-49d1-838c-9d563109abd8}</UniqueIdentifier>
    </Filter>
    <Filter Include="Header Files\services">
      <UniqueIdentifier>{2cdb7896-0369-404e-a1ba-03735f65897c}</UniqueIdentifier>
    </Filter>
    <Filter Include="Header Files\models">
      <UniqueIdentifier>{99a3bf45-8730-4de9-9cdd-2488d313cbd1}</UniqueIdentifier>
    </Filter>
    <Filter Include="Header Files\dtos">
      <UniqueIdentifier>{3f9027bd-73bd-4312-a3cc-e1b9221f1afd}</UniqueIdentifier>
    </Filter>
    <Filter Include="Header Files\mappers">
      <UniqueIdentifier>{5801c8c1-bd90-4879-b7db-7b16f0f68da0}</UniqueIdentifier>
    </Filter>
  </ItemGroup>
  <ItemGroup>
    <ClCompile Include="Main.cpp">
      <Filter>Source Files</Filter>
    </ClCompile>
  </ItemGroup>
  <ItemGroup>
    <ClInclude Include="Database.h">
      <Filter>Header Files</Filter>
    </ClInclude>
    <ClInclude Include="MovieRepository.h">
      <Filter>Header Files\repositories</Filter>
    </ClInclude>
    <ClInclude Include="UserRepository.h">
      <Filter>Header Files\repositories</Filter>
    </ClInclude>
    <ClInclude Include="ShowingRepository.h">
      <Filter>Header Files\repositories</Filter>
    </ClInclude>
    <ClInclude Include="ReservationRepository.h">
      <Filter>Header Files\repositories</Filter>
    </ClInclude>
    <ClInclude Include="ReviewRepository.h">
      <Filter>Header Files\repositories</Filter>
    </ClInclude>
    <ClInclude Include="User.h">
      <Filter>Header Files\models</Filter>
    </ClInclude>
    <ClInclude Include="Review.h">
      <Filter>Header Files\models</Filter>
    </ClInclude>
    <ClInclude Include="Showing.h">
      <Filter>Header Files\models</Filter>
    </ClInclude>
    <ClInclude Include="Reservation.h">
      <Filter>Header Files\models</Filter>
    </ClInclude>
    <ClInclude Include="Movie.h">
      <Filter>Header Files\models</Filter>
    </ClInclude>
    <ClInclude Include="MovieService.h">
      <Filter>Header Files\services</Filter>
    </ClInclude>
    <ClInclude Include="RequestMovieDto.h">
      <Filter>Header Files\dtos</Filter>
    </ClInclude>
    <ClInclude Include="RequestShowingDto.h">
      <Filter>Header Files\dtos</Filter>
    </ClInclude>
    <ClInclude Include="RequestReservationDto.h">
      <Filter>Header Files\dtos</Filter>
    </ClInclude>
    <ClInclude Include="RequestReviewDto.h">
      <Filter>Header Files\dtos</Filter>
    </ClInclude>
    <ClInclude Include="RequestUserDto.h">
      <Filter>Header Files\dtos</Filter>
    </ClInclude>
    <ClInclude Include="MovieMapper.h">
      <Filter>Header Files\mappers</Filter>
    </ClInclude>
    <ClInclude Include="ReservationMapper.h">
      <Filter>Header Files\mappers</Filter>
    </ClInclude>
    <ClInclude Include="ReviewMapper.h">
      <Filter>Header Files\mappers</Filter>
    </ClInclude>
    <ClInclude Include="ShowingMapper.h">
      <Filter>Header Files\mappers</Filter>
    </ClInclude>
    <ClInclude Include="UserMapper.h">
      <Filter>Header Files\mappers</Filter>
    </ClInclude>
    <ClInclude Include="ReservationService.h">
      <Filter>Header Files\services</Filter>
    </ClInclude>
    <ClInclude Include="ReviewService.h">
      <Filter>Header Files\services</Filter>
    </ClInclude>
    <ClInclude Include="ShowingService.h">
      <Filter>Header Files\services</Filter>
    </ClInclude>
    <ClInclude Include="UserService.h">
      <Filter>Header Files\services</Filter>
    </ClInclude>
  </ItemGroup>
</Project>